
Microsoft Visual Studio Solution File, Format Version 12.00
# Visual Studio Version 16
VisualStudioVersion = 16.0.31702.278
MinimumVisualStudioVersion = 10.0.40219.1
Project("{FAE04EC0-301F-11D3-BF4B-00C04F79EFBC}") = "ZAGREBIN_DZ4_1", "ZAGREBIN_DZ4_1\ZAGREBIN_DZ4_1.csproj", "{D0525FC8-94CF-4B67-AECD-4C356D69DA80}"
EndProject
Project("{9A19103F-16F7-4668-BE54-9A1E7A4F7556}") = "Dz4_Zagrebin_2", "C:\Users\User\source\repos\Dz4_Zagrebin_2\Dz4_Zagrebin_2\Dz4_Zagrebin_2.csproj", "{6C7F46FE-EA42-446F-B70B-BE61AD2B0B91}"
EndProject
Global
	GlobalSection(SolutionConfigurationPlatforms) = preSolution
		Debug|Any CPU = Debug|Any CPU
		Release|Any CPU = Release|Any CPU
	EndGlobalSection
	GlobalSection(ProjectConfigurationPlatforms) = postSolution
		{D0525FC8-94CF-4B67-AECD-4C356D69DA80}.Debug|Any CPU.ActiveCfg = Debug|Any CPU
		{D0525FC8-94CF-4B67-AECD-4C356D69DA80}.Debug|Any CPU.Build.0 = Debug|Any CPU
		{D0525FC8-94CF-4B67-AECD-4C356D69DA80}.Release|Any CPU.ActiveCfg = Release|Any CPU
		{D0525FC8-94CF-4B67-AECD-4C356D69DA80}.Release|Any CPU.Build.0 = Release|Any CPU
		{6C7F46FE-EA42-446F-B70B-BE61AD2B0B91}.Debug|Any CPU.ActiveCfg = Debug|Any CPU
		{6C7F46FE-EA42-446F-B70B-BE61AD2B0B91}.Debug|Any CPU.Build.0 = Debug|Any CPU
		{6C7F46FE-EA42-446F-B70B-BE61AD2B0B91}.Release|Any CPU.ActiveCfg = Release|Any CPU
		{6C7F46FE-EA42-446F-B70B-BE61AD2B0B91}.Release|Any CPU.Build.0 = Release|Any CPU
	EndGlobalSection
	GlobalSection(SolutionProperties) = preSolution
		HideSolutionNode = FALSE
	EndGlobalSection
	GlobalSection(ExtensibilityGlobals) = postSolution
		SolutionGuid = {D28D47D7-3302-47B0-BFF7-C54BF959CAF8}
	EndGlobalSection
EndGlobal
