
Microsoft Visual Studio Solution File, Format Version 12.00
# Visual Studio Version 16
VisualStudioVersion = 16.0.31702.278
MinimumVisualStudioVersion = 10.0.40219.1
Project("{FAE04EC0-301F-11D3-BF4B-00C04F79EFBC}") = "Zagrebin_Dz4_1", "Zagrebin_Dz4_1\Zagrebin_Dz4_1.csproj", "{C54CB2EE-8D15-4EF6-9E55-59F706C1821C}"
EndProject
Project("{9A19103F-16F7-4668-BE54-9A1E7A4F7556}") = "Dz4_Zagrebin_2", "..\Dz4_Zagrebin_2\Dz4_Zagrebin_2\Dz4_Zagrebin_2.csproj", "{C255A54F-5E57-4776-A147-32124045A5AB}"
EndProject
Global
	GlobalSection(SolutionConfigurationPlatforms) = preSolution
		Debug|Any CPU = Debug|Any CPU
		Release|Any CPU = Release|Any CPU
	EndGlobalSection
	GlobalSection(ProjectConfigurationPlatforms) = postSolution
		{C54CB2EE-8D15-4EF6-9E55-59F706C1821C}.Debug|Any CPU.ActiveCfg = Debug|Any CPU
		{C54CB2EE-8D15-4EF6-9E55-59F706C1821C}.Debug|Any CPU.Build.0 = Debug|Any CPU
		{C54CB2EE-8D15-4EF6-9E55-59F706C1821C}.Release|Any CPU.ActiveCfg = Release|Any CPU
		{C54CB2EE-8D15-4EF6-9E55-59F706C1821C}.Release|Any CPU.Build.0 = Release|Any CPU
		{C255A54F-5E57-4776-A147-32124045A5AB}.Debug|Any CPU.ActiveCfg = Debug|Any CPU
		{C255A54F-5E57-4776-A147-32124045A5AB}.Debug|Any CPU.Build.0 = Debug|Any CPU
		{C255A54F-5E57-4776-A147-32124045A5AB}.Release|Any CPU.ActiveCfg = Release|Any CPU
		{C255A54F-5E57-4776-A147-32124045A5AB}.Release|Any CPU.Build.0 = Release|Any CPU
	EndGlobalSection
	GlobalSection(SolutionProperties) = preSolution
		HideSolutionNode = FALSE
	EndGlobalSection
	GlobalSection(ExtensibilityGlobals) = postSolution
		SolutionGuid = {2198BEF7-08A4-4800-936A-9A08204B81B8}
	EndGlobalSection
EndGlobal
